
Microsoft Visual Studio Solution File, Format Version 12.00
# Visual Studio Version 17
VisualStudioVersion = 17.4.33213.308
MinimumVisualStudioVersion = 10.0.40219.1
Project("{FAE04EC0-301F-11D3-BF4B-00C04F79EFBC}") = "EBillApplication", "EBillApplication\EBillApplication.csproj", "{8622903C-C35F-4741-B93B-859BF4955B58}"
EndProject
Global
	GlobalSection(SolutionConfigurationPlatforms) = preSolution
		Debug|Any CPU = Debug|Any CPU
		Release|Any CPU = Release|Any CPU
	EndGlobalSection
	GlobalSection(ProjectConfigurationPlatforms) = postSolution
		{8622903C-C35F-4741-B93B-859BF4955B58}.Debug|Any CPU.ActiveCfg = Debug|Any CPU
		{8622903C-C35F-4741-B93B-859BF4955B58}.Debug|Any CPU.Build.0 = Debug|Any CPU
		{8622903C-C35F-4741-B93B-859BF4955B58}.Release|Any CPU.ActiveCfg = Release|Any CPU
		{8622903C-C35F-4741-B93B-859BF4955B58}.Release|Any CPU.Build.0 = Release|Any CPU
	EndGlobalSection
	GlobalSection(SolutionProperties) = preSolution
		HideSolutionNode = FALSE
	EndGlobalSection
	GlobalSection(ExtensibilityGlobals) = postSolution
		SolutionGuid = {439B8E3D-60A0-4327-8916-85C837FB90D1}
	EndGlobalSection
EndGlobal
