
Microsoft Visual Studio Solution File, Format Version 12.00
# Visual Studio Version 17
VisualStudioVersion = 17.4.33213.308
MinimumVisualStudioVersion = 10.0.40219.1
Project("{FAE04EC0-301F-11D3-BF4B-00C04F79EFBC}") = "Factory_Fibonacci", "Factory_Fibonacci\Factory_Fibonacci.csproj", "{E05C403A-4DA3-4592-A110-6DA51B1ADBAB}"
EndProject
Global
	GlobalSection(SolutionConfigurationPlatforms) = preSolution
		Debug|Any CPU = Debug|Any CPU
		Release|Any CPU = Release|Any CPU
	EndGlobalSection
	GlobalSection(ProjectConfigurationPlatforms) = postSolution
		{E05C403A-4DA3-4592-A110-6DA51B1ADBAB}.Debug|Any CPU.ActiveCfg = Debug|Any CPU
		{E05C403A-4DA3-4592-A110-6DA51B1ADBAB}.Debug|Any CPU.Build.0 = Debug|Any CPU
		{E05C403A-4DA3-4592-A110-6DA51B1ADBAB}.Release|Any CPU.ActiveCfg = Release|Any CPU
		{E05C403A-4DA3-4592-A110-6DA51B1ADBAB}.Release|Any CPU.Build.0 = Release|Any CPU
	EndGlobalSection
	GlobalSection(SolutionProperties) = preSolution
		HideSolutionNode = FALSE
	EndGlobalSection
	GlobalSection(ExtensibilityGlobals) = postSolution
		SolutionGuid = {0C075E1C-3F77-41CE-B2A6-5668875CD57B}
	EndGlobalSection
EndGlobal
