
Microsoft Visual Studio Solution File, Format Version 12.00
# Visual Studio Version 17
VisualStudioVersion = 17.4.33213.308
MinimumVisualStudioVersion = 10.0.40219.1
Project("{9A19103F-16F7-4668-BE54-9A1E7A4F7556}") = "ConsoleApp4", "ConsoleApp4\ConsoleApp4.csproj", "{48FE9D24-824B-4812-991A-63CD4C9DF9BF}"
EndProject
Project("{2150E333-8FDC-42A3-9474-1A3956D46DE8}") = "Solution Items", "Solution Items", "{AC642926-7935-43EE-8715-AADD02205517}"
EndProject
Global
	GlobalSection(SolutionConfigurationPlatforms) = preSolution
		Debug|Any CPU = Debug|Any CPU
		Release|Any CPU = Release|Any CPU
	EndGlobalSection
	GlobalSection(ProjectConfigurationPlatforms) = postSolution
		{48FE9D24-824B-4812-991A-63CD4C9DF9BF}.Debug|Any CPU.ActiveCfg = Debug|Any CPU
		{48FE9D24-824B-4812-991A-63CD4C9DF9BF}.Debug|Any CPU.Build.0 = Debug|Any CPU
		{48FE9D24-824B-4812-991A-63CD4C9DF9BF}.Release|Any CPU.ActiveCfg = Release|Any CPU
		{48FE9D24-824B-4812-991A-63CD4C9DF9BF}.Release|Any CPU.Build.0 = Release|Any CPU
	EndGlobalSection
	GlobalSection(SolutionProperties) = preSolution
		HideSolutionNode = FALSE
	EndGlobalSection
	GlobalSection(ExtensibilityGlobals) = postSolution
		SolutionGuid = {3DAD1276-6FA1-4E13-9A54-716F01B8DAC6}
	EndGlobalSection
EndGlobal
